// !$*UTF8*$!
{
	archiveVersion = 1;
	classes = {
	};
	objectVersion = 50;
	objects = {

/* Begin PBXBuildFile section */
		303093B23ACFCCAC29227319 /* Pods_flixx_flixxUITests.framework in Frameworks */ = {isa = PBXBuildFile; fileRef = 5E87A03EE7D7E260947696F8 /* Pods_flixx_flixxUITests.framework */; };
		494A4BA823EA4EDC00C871A6 /* AppDelegate.swift in Sources */ = {isa = PBXBuildFile; fileRef = 494A4BA723EA4EDC00C871A6 /* AppDelegate.swift */; };
		494A4BAA23EA4EDC00C871A6 /* SceneDelegate.swift in Sources */ = {isa = PBXBuildFile; fileRef = 494A4BA923EA4EDC00C871A6 /* SceneDelegate.swift */; };
		494A4BAF23EA4EDC00C871A6 /* Main.storyboard in Resources */ = {isa = PBXBuildFile; fileRef = 494A4BAD23EA4EDC00C871A6 /* Main.storyboard */; };
		494A4BB123EA4EDD00C871A6 /* Assets.xcassets in Resources */ = {isa = PBXBuildFile; fileRef = 494A4BB023EA4EDD00C871A6 /* Assets.xcassets */; };
		494A4BB423EA4EDD00C871A6 /* LaunchScreen.storyboard in Resources */ = {isa = PBXBuildFile; fileRef = 494A4BB223EA4EDD00C871A6 /* LaunchScreen.storyboard */; };
		494A4BBF23EA4EDD00C871A6 /* flixxTests.swift in Sources */ = {isa = PBXBuildFile; fileRef = 494A4BBE23EA4EDD00C871A6 /* flixxTests.swift */; };
		494A4BCA23EA4EDE00C871A6 /* flixxUITests.swift in Sources */ = {isa = PBXBuildFile; fileRef = 494A4BC923EA4EDE00C871A6 /* flixxUITests.swift */; };
		494A4BD823EA525F00C871A6 /* MoviesViewController.swift in Sources */ = {isa = PBXBuildFile; fileRef = 494A4BD723EA525F00C871A6 /* MoviesViewController.swift */; };
		494A4BDA23EA5C0200C871A6 /* MovieCell.swift in Sources */ = {isa = PBXBuildFile; fileRef = 494A4BD923EA5C0200C871A6 /* MovieCell.swift */; };
		5B5E444D35766EDDC7BDAA0E /* Pods_flixxTests.framework in Frameworks */ = {isa = PBXBuildFile; fileRef = 3135015B8E32C04D437273BE /* Pods_flixxTests.framework */; };
		A7ED8029B99F903F6B185A72 /* Pods_flixx.framework in Frameworks */ = {isa = PBXBuildFile; fileRef = 7DF3E3426CFBE65061CFF47B /* Pods_flixx.framework */; };
/* End PBXBuildFile section */

/* Begin PBXContainerItemProxy section */
		494A4BBB23EA4EDD00C871A6 /* PBXContainerItemProxy */ = {
			isa = PBXContainerItemProxy;
			containerPortal = 494A4B9C23EA4EDC00C871A6 /* Project object */;
			proxyType = 1;
			remoteGlobalIDString = 494A4BA323EA4EDC00C871A6;
			remoteInfo = flixx;
		};
		494A4BC623EA4EDE00C871A6 /* PBXContainerItemProxy */ = {
			isa = PBXContainerItemProxy;
			containerPortal = 494A4B9C23EA4EDC00C871A6 /* Project object */;
			proxyType = 1;
			remoteGlobalIDString = 494A4BA323EA4EDC00C871A6;
			remoteInfo = flixx;
		};
/* End PBXContainerItemProxy section */

/* Begin PBXFileReference section */
		02F8E144F7EDCB19AFFD5855 /* Pods-flixx.debug.xcconfig */ = {isa = PBXFileReference; includeInIndex = 1; lastKnownFileType = text.xcconfig; name = "Pods-flixx.debug.xcconfig"; path = "Target Support Files/Pods-flixx/Pods-flixx.debug.xcconfig"; sourceTree = "<group>"; };
		3135015B8E32C04D437273BE /* Pods_flixxTests.framework */ = {isa = PBXFileReference; explicitFileType = wrapper.framework; includeInIndex = 0; path = Pods_flixxTests.framework; sourceTree = BUILT_PRODUCTS_DIR; };
		494A4BA423EA4EDC00C871A6 /* flixx.app */ = {isa = PBXFileReference; explicitFileType = wrapper.application; includeInIndex = 0; path = flixx.app; sourceTree = BUILT_PRODUCTS_DIR; };
		494A4BA723EA4EDC00C871A6 /* AppDelegate.swift */ = {isa = PBXFileReference; lastKnownFileType = sourcecode.swift; path = AppDelegate.swift; sourceTree = "<group>"; };
		494A4BA923EA4EDC00C871A6 /* SceneDelegate.swift */ = {isa = PBXFileReference; lastKnownFileType = sourcecode.swift; path = SceneDelegate.swift; sourceTree = "<group>"; };
		494A4BAE23EA4EDC00C871A6 /* Base */ = {isa = PBXFileReference; lastKnownFileType = file.storyboard; name = Base; path = Base.lproj/Main.storyboard; sourceTree = "<group>"; };
		494A4BB023EA4EDD00C871A6 /* Assets.xcassets */ = {isa = PBXFileReference; lastKnownFileType = folder.assetcatalog; path = Assets.xcassets; sourceTree = "<group>"; };
		494A4BB323EA4EDD00C871A6 /* Base */ = {isa = PBXFileReference; lastKnownFileType = file.storyboard; name = Base; path = Base.lproj/LaunchScreen.storyboard; sourceTree = "<group>"; };
		494A4BB523EA4EDD00C871A6 /* Info.plist */ = {isa = PBXFileReference; lastKnownFileType = text.plist.xml; path = Info.plist; sourceTree = "<group>"; };
		494A4BBA23EA4EDD00C871A6 /* flixxTests.xctest */ = {isa = PBXFileReference; explicitFileType = wrapper.cfbundle; includeInIndex = 0; path = flixxTests.xctest; sourceTree = BUILT_PRODUCTS_DIR; };
		494A4BBE23EA4EDD00C871A6 /* flixxTests.swift */ = {isa = PBXFileReference; lastKnownFileType = sourcecode.swift; path = flixxTests.swift; sourceTree = "<group>"; };
		494A4BC023EA4EDD00C871A6 /* Info.plist */ = {isa = PBXFileReference; lastKnownFileType = text.plist.xml; path = Info.plist; sourceTree = "<group>"; };
		494A4BC523EA4EDE00C871A6 /* flixxUITests.xctest */ = {isa = PBXFileReference; explicitFileType = wrapper.cfbundle; includeInIndex = 0; path = flixxUITests.xctest; sourceTree = BUILT_PRODUCTS_DIR; };
		494A4BC923EA4EDE00C871A6 /* flixxUITests.swift */ = {isa = PBXFileReference; lastKnownFileType = sourcecode.swift; path = flixxUITests.swift; sourceTree = "<group>"; };
		494A4BCB23EA4EDE00C871A6 /* Info.plist */ = {isa = PBXFileReference; lastKnownFileType = text.plist.xml; path = Info.plist; sourceTree = "<group>"; };
		494A4BD723EA525F00C871A6 /* MoviesViewController.swift */ = {isa = PBXFileReference; lastKnownFileType = sourcecode.swift; path = MoviesViewController.swift; sourceTree = "<group>"; };
		494A4BD923EA5C0200C871A6 /* MovieCell.swift */ = {isa = PBXFileReference; lastKnownFileType = sourcecode.swift; path = MovieCell.swift; sourceTree = "<group>"; };
		5E87A03EE7D7E260947696F8 /* Pods_flixx_flixxUITests.framework */ = {isa = PBXFileReference; explicitFileType = wrapper.framework; includeInIndex = 0; path = Pods_flixx_flixxUITests.framework; sourceTree = BUILT_PRODUCTS_DIR; };
		612BD418481318D7E584DA1A /* Pods-flixx.release.xcconfig */ = {isa = PBXFileReference; includeInIndex = 1; lastKnownFileType = text.xcconfig; name = "Pods-flixx.release.xcconfig"; path = "Target Support Files/Pods-flixx/Pods-flixx.release.xcconfig"; sourceTree = "<group>"; };
		7DF3E3426CFBE65061CFF47B /* Pods_flixx.framework */ = {isa = PBXFileReference; explicitFileType = wrapper.framework; includeInIndex = 0; path = Pods_flixx.framework; sourceTree = BUILT_PRODUCTS_DIR; };
		82D9E483F0596CFE31DFB93D /* Pods-flixx-flixxUITests.debug.xcconfig */ = {isa = PBXFileReference; includeInIndex = 1; lastKnownFileType = text.xcconfig; name = "Pods-flixx-flixxUITests.debug.xcconfig"; path = "Target Support Files/Pods-flixx-flixxUITests/Pods-flixx-flixxUITests.debug.xcconfig"; sourceTree = "<group>"; };
		B0C74AF6C54C1D2BAAEE98AC /* Pods-flixxTests.debug.xcconfig */ = {isa = PBXFileReference; includeInIndex = 1; lastKnownFileType = text.xcconfig; name = "Pods-flixxTests.debug.xcconfig"; path = "Target Support Files/Pods-flixxTests/Pods-flixxTests.debug.xcconfig"; sourceTree = "<group>"; };
		B3BB0119479E185B880192F8 /* Pods-flixxTests.release.xcconfig */ = {isa = PBXFileReference; includeInIndex = 1; lastKnownFileType = text.xcconfig; name = "Pods-flixxTests.release.xcconfig"; path = "Target Support Files/Pods-flixxTests/Pods-flixxTests.release.xcconfig"; sourceTree = "<group>"; };
		C363F46FAC31A538ACA1FFE3 /* Pods-flixx-flixxUITests.release.xcconfig */ = {isa = PBXFileReference; includeInIndex = 1; lastKnownFileType = text.xcconfig; name = "Pods-flixx-flixxUITests.release.xcconfig"; path = "Target Support Files/Pods-flixx-flixxUITests/Pods-flixx-flixxUITests.release.xcconfig"; sourceTree = "<group>"; };
/* End PBXFileReference section */

/* Begin PBXFrameworksBuildPhase section */
		494A4BA123EA4EDC00C871A6 /* Frameworks */ = {
			isa = PBXFrameworksBuildPhase;
			buildActionMask = 2147483647;
			files = (
				A7ED8029B99F903F6B185A72 /* Pods_flixx.framework in Frameworks */,
			);
			runOnlyForDeploymentPostprocessing = 0;
		};
		494A4BB723EA4EDD00C871A6 /* Frameworks */ = {
			isa = PBXFrameworksBuildPhase;
			buildActionMask = 2147483647;
			files = (
				5B5E444D35766EDDC7BDAA0E /* Pods_flixxTests.framework in Frameworks */,
			);
			runOnlyForDeploymentPostprocessing = 0;
		};
		494A4BC223EA4EDE00C871A6 /* Frameworks */ = {
			isa = PBXFrameworksBuildPhase;
			buildActionMask = 2147483647;
			files = (
				303093B23ACFCCAC29227319 /* Pods_flixx_flixxUITests.framework in Frameworks */,
			);
			runOnlyForDeploymentPostprocessing = 0;
		};
/* End PBXFrameworksBuildPhase section */

/* Begin PBXGroup section */
		1BC8B052CDA807458BF81831 /* Frameworks */ = {
			isa = PBXGroup;
			children = (
				7DF3E3426CFBE65061CFF47B /* Pods_flixx.framework */,
				5E87A03EE7D7E260947696F8 /* Pods_flixx_flixxUITests.framework */,
				3135015B8E32C04D437273BE /* Pods_flixxTests.framework */,
			);
			name = Frameworks;
			sourceTree = "<group>";
		};
		494A4B9B23EA4EDC00C871A6 = {
			isa = PBXGroup;
			children = (
				494A4BA623EA4EDC00C871A6 /* flixx */,
				494A4BBD23EA4EDD00C871A6 /* flixxTests */,
				494A4BC823EA4EDE00C871A6 /* flixxUITests */,
				494A4BA523EA4EDC00C871A6 /* Products */,
				F75A5E1CD280E89CC12A2986 /* Pods */,
				1BC8B052CDA807458BF81831 /* Frameworks */,
			);
			sourceTree = "<group>";
		};
		494A4BA523EA4EDC00C871A6 /* Products */ = {
			isa = PBXGroup;
			children = (
				494A4BA423EA4EDC00C871A6 /* flixx.app */,
				494A4BBA23EA4EDD00C871A6 /* flixxTests.xctest */,
				494A4BC523EA4EDE00C871A6 /* flixxUITests.xctest */,
			);
			name = Products;
			sourceTree = "<group>";
		};
		494A4BA623EA4EDC00C871A6 /* flixx */ = {
			isa = PBXGroup;
			children = (
				494A4BA723EA4EDC00C871A6 /* AppDelegate.swift */,
				494A4BA923EA4EDC00C871A6 /* SceneDelegate.swift */,
				494A4BD723EA525F00C871A6 /* MoviesViewController.swift */,
				494A4BAD23EA4EDC00C871A6 /* Main.storyboard */,
				494A4BD923EA5C0200C871A6 /* MovieCell.swift */,
				494A4BB023EA4EDD00C871A6 /* Assets.xcassets */,
				494A4BB223EA4EDD00C871A6 /* LaunchScreen.storyboard */,
				494A4BB523EA4EDD00C871A6 /* Info.plist */,
			);
			path = flixx;
			sourceTree = "<group>";
		};
		494A4BBD23EA4EDD00C871A6 /* flixxTests */ = {
			isa = PBXGroup;
			children = (
				494A4BBE23EA4EDD00C871A6 /* flixxTests.swift */,
				494A4BC023EA4EDD00C871A6 /* Info.plist */,
			);
			path = flixxTests;
			sourceTree = "<group>";
		};
		494A4BC823EA4EDE00C871A6 /* flixxUITests */ = {
			isa = PBXGroup;
			children = (
				494A4BC923EA4EDE00C871A6 /* flixxUITests.swift */,
				494A4BCB23EA4EDE00C871A6 /* Info.plist */,
			);
			path = flixxUITests;
			sourceTree = "<group>";
		};
		F75A5E1CD280E89CC12A2986 /* Pods */ = {
			isa = PBXGroup;
			children = (
				02F8E144F7EDCB19AFFD5855 /* Pods-flixx.debug.xcconfig */,
				612BD418481318D7E584DA1A /* Pods-flixx.release.xcconfig */,
				82D9E483F0596CFE31DFB93D /* Pods-flixx-flixxUITests.debug.xcconfig */,
				C363F46FAC31A538ACA1FFE3 /* Pods-flixx-flixxUITests.release.xcconfig */,
				B0C74AF6C54C1D2BAAEE98AC /* Pods-flixxTests.debug.xcconfig */,
				B3BB0119479E185B880192F8 /* Pods-flixxTests.release.xcconfig */,
			);
			name = Pods;
			path = Pods;
			sourceTree = "<group>";
		};
/* End PBXGroup section */

/* Begin PBXNativeTarget section */
		494A4BA323EA4EDC00C871A6 /* flixx */ = {
			isa = PBXNativeTarget;
			buildConfigurationList = 494A4BCE23EA4EDE00C871A6 /* Build configuration list for PBXNativeTarget "flixx" */;
			buildPhases = (
				9F7D658AD1038840A2241C0A /* [CP] Check Pods Manifest.lock */,
				494A4BA023EA4EDC00C871A6 /* Sources */,
				494A4BA123EA4EDC00C871A6 /* Frameworks */,
				494A4BA223EA4EDC00C871A6 /* Resources */,
				BA034B9E7C63FC1E53E35311 /* [CP] Embed Pods Frameworks */,
			);
			buildRules = (
			);
			dependencies = (
			);
			name = flixx;
			productName = flixx;
			productReference = 494A4BA423EA4EDC00C871A6 /* flixx.app */;
			productType = "com.apple.product-type.application";
		};
		494A4BB923EA4EDD00C871A6 /* flixxTests */ = {
			isa = PBXNativeTarget;
			buildConfigurationList = 494A4BD123EA4EDE00C871A6 /* Build configuration list for PBXNativeTarget "flixxTests" */;
			buildPhases = (
				7D6F8DA606B547AC7E9F748A /* [CP] Check Pods Manifest.lock */,
				494A4BB623EA4EDD00C871A6 /* Sources */,
				494A4BB723EA4EDD00C871A6 /* Frameworks */,
				494A4BB823EA4EDD00C871A6 /* Resources */,
			);
			buildRules = (
			);
			dependencies = (
				494A4BBC23EA4EDD00C871A6 /* PBXTargetDependency */,
			);
			name = flixxTests;
			productName = flixxTests;
			productReference = 494A4BBA23EA4EDD00C871A6 /* flixxTests.xctest */;
			productType = "com.apple.product-type.bundle.unit-test";
		};
		494A4BC423EA4EDE00C871A6 /* flixxUITests */ = {
			isa = PBXNativeTarget;
			buildConfigurationList = 494A4BD423EA4EDE00C871A6 /* Build configuration list for PBXNativeTarget "flixxUITests" */;
			buildPhases = (
				1C198998EFFB66B8089A152B /* [CP] Check Pods Manifest.lock */,
				494A4BC123EA4EDE00C871A6 /* Sources */,
				494A4BC223EA4EDE00C871A6 /* Frameworks */,
				494A4BC323EA4EDE00C871A6 /* Resources */,
				BC3737FFDE96715E5CDD6CB7 /* [CP] Embed Pods Frameworks */,
			);
			buildRules = (
			);
			dependencies = (
				494A4BC723EA4EDE00C871A6 /* PBXTargetDependency */,
			);
			name = flixxUITests;
			productName = flixxUITests;
			productReference = 494A4BC523EA4EDE00C871A6 /* flixxUITests.xctest */;
			productType = "com.apple.product-type.bundle.ui-testing";
		};
/* End PBXNativeTarget section */

/* Begin PBXProject section */
		494A4B9C23EA4EDC00C871A6 /* Project object */ = {
			isa = PBXProject;
			attributes = {
				LastSwiftUpdateCheck = 1130;
				LastUpgradeCheck = 1130;
				ORGANIZATIONNAME = andrew;
				TargetAttributes = {
					494A4BA323EA4EDC00C871A6 = {
						CreatedOnToolsVersion = 11.3.1;
					};
					494A4BB923EA4EDD00C871A6 = {
						CreatedOnToolsVersion = 11.3.1;
						TestTargetID = 494A4BA323EA4EDC00C871A6;
					};
					494A4BC423EA4EDE00C871A6 = {
						CreatedOnToolsVersion = 11.3.1;
						TestTargetID = 494A4BA323EA4EDC00C871A6;
					};
				};
			};
			buildConfigurationList = 494A4B9F23EA4EDC00C871A6 /* Build configuration list for PBXProject "flixx" */;
			compatibilityVersion = "Xcode 9.3";
			developmentRegion = en;
			hasScannedForEncodings = 0;
			knownRegions = (
				en,
				Base,
			);
			mainGroup = 494A4B9B23EA4EDC00C871A6;
			productRefGroup = 494A4BA523EA4EDC00C871A6 /* Products */;
			projectDirPath = "";
			projectRoot = "";
			targets = (
				494A4BA323EA4EDC00C871A6 /* flixx */,
				494A4BB923EA4EDD00C871A6 /* flixxTests */,
				494A4BC423EA4EDE00C871A6 /* flixxUITests */,
			);
		};
/* End PBXProject section */

/* Begin PBXResourcesBuildPhase section */
		494A4BA223EA4EDC00C871A6 /* Resources */ = {
			isa = PBXResourcesBuildPhase;
			buildActionMask = 2147483647;
			files = (
				494A4BB423EA4EDD00C871A6 /* LaunchScreen.storyboard in Resources */,
				494A4BB123EA4EDD00C871A6 /* Assets.xcassets in Resources */,
				494A4BAF23EA4EDC00C871A6 /* Main.storyboard in Resources */,
			);
			runOnlyForDeploymentPostprocessing = 0;
		};
		494A4BB823EA4EDD00C871A6 /* Resources */ = {
			isa = PBXResourcesBuildPhase;
			buildActionMask = 2147483647;
			files = (
			);
			runOnlyForDeploymentPostprocessing = 0;
		};
		494A4BC323EA4EDE00C871A6 /* Resources */ = {
			isa = PBXResourcesBuildPhase;
			buildActionMask = 2147483647;
			files = (
			);
			runOnlyForDeploymentPostprocessing = 0;
		};
/* End PBXResourcesBuildPhase section */

/* Begin PBXShellScriptBuildPhase section */
		1C198998EFFB66B8089A152B /* [CP] Check Pods Manifest.lock */ = {
			isa = PBXShellScriptBuildPhase;
			buildActionMask = 2147483647;
			files = (
			);
			inputFileListPaths = (
			);
			inputPaths = (
				"${PODS_PODFILE_DIR_PATH}/Podfile.lock",
				"${PODS_ROOT}/Manifest.lock",
			);
			name = "[CP] Check Pods Manifest.lock";
			outputFileListPaths = (
			);
			outputPaths = (
				"$(DERIVED_FILE_DIR)/Pods-flixx-flixxUITests-checkManifestLockResult.txt",
			);
			runOnlyForDeploymentPostprocessing = 0;
			shellPath = /bin/sh;
			shellScript = "diff \"${PODS_PODFILE_DIR_PATH}/Podfile.lock\" \"${PODS_ROOT}/Manifest.lock\" > /dev/null\nif [ $? != 0 ] ; then\n    # print error to STDERR\n    echo \"error: The sandbox is not in sync with the Podfile.lock. Run 'pod install' or update your CocoaPods installation.\" >&2\n    exit 1\nfi\n# This output is used by Xcode 'outputs' to avoid re-running this script phase.\necho \"SUCCESS\" > \"${SCRIPT_OUTPUT_FILE_0}\"\n";
			showEnvVarsInLog = 0;
		};
		7D6F8DA606B547AC7E9F748A /* [CP] Check Pods Manifest.lock */ = {
			isa = PBXShellScriptBuildPhase;
			buildActionMask = 2147483647;
			files = (
			);
			inputFileListPaths = (
			);
			inputPaths = (
				"${PODS_PODFILE_DIR_PATH}/Podfile.lock",
				"${PODS_ROOT}/Manifest.lock",
			);
			name = "[CP] Check Pods Manifest.lock";
			outputFileListPaths = (
			);
			outputPaths = (
				"$(DERIVED_FILE_DIR)/Pods-flixxTests-checkManifestLockResult.txt",
			);
			runOnlyForDeploymentPostprocessing = 0;
			shellPath = /bin/sh;
			shellScript = "diff \"${PODS_PODFILE_DIR_PATH}/Podfile.lock\" \"${PODS_ROOT}/Manifest.lock\" > /dev/null\nif [ $? != 0 ] ; then\n    # print error to STDERR\n    echo \"error: The sandbox is not in sync with the Podfile.lock. Run 'pod install' or update your CocoaPods installation.\" >&2\n    exit 1\nfi\n# This output is used by Xcode 'outputs' to avoid re-running this script phase.\necho \"SUCCESS\" > \"${SCRIPT_OUTPUT_FILE_0}\"\n";
			showEnvVarsInLog = 0;
		};
		9F7D658AD1038840A2241C0A /* [CP] Check Pods Manifest.lock */ = {
			isa = PBXShellScriptBuildPhase;
			buildActionMask = 2147483647;
			files = (
			);
			inputFileListPaths = (
			);
			inputPaths = (
				"${PODS_PODFILE_DIR_PATH}/Podfile.lock",
				"${PODS_ROOT}/Manifest.lock",
			);
			name = "[CP] Check Pods Manifest.lock";
			outputFileListPaths = (
			);
			outputPaths = (
				"$(DERIVED_FILE_DIR)/Pods-flixx-checkManifestLockResult.txt",
			);
			runOnlyForDeploymentPostprocessing = 0;
			shellPath = /bin/sh;
			shellScript = "diff \"${PODS_PODFILE_DIR_PATH}/Podfile.lock\" \"${PODS_ROOT}/Manifest.lock\" > /dev/null\nif [ $? != 0 ] ; then\n    # print error to STDERR\n    echo \"error: The sandbox is not in sync with the Podfile.lock. Run 'pod install' or update your CocoaPods installation.\" >&2\n    exit 1\nfi\n# This output is used by Xcode 'outputs' to avoid re-running this script phase.\necho \"SUCCESS\" > \"${SCRIPT_OUTPUT_FILE_0}\"\n";
			showEnvVarsInLog = 0;
		};
		BA034B9E7C63FC1E53E35311 /* [CP] Embed Pods Frameworks */ = {
			isa = PBXShellScriptBuildPhase;
			buildActionMask = 2147483647;
			files = (
			);
			inputFileListPaths = (
				"${PODS_ROOT}/Target Support Files/Pods-flixx/Pods-flixx-frameworks-${CONFIGURATION}-input-files.xcfilelist",
			);
			name = "[CP] Embed Pods Frameworks";
			outputFileListPaths = (
				"${PODS_ROOT}/Target Support Files/Pods-flixx/Pods-flixx-frameworks-${CONFIGURATION}-output-files.xcfilelist",
			);
			runOnlyForDeploymentPostprocessing = 0;
			shellPath = /bin/sh;
			shellScript = "\"${PODS_ROOT}/Target Support Files/Pods-flixx/Pods-flixx-frameworks.sh\"\n";
			showEnvVarsInLog = 0;
		};
		BC3737FFDE96715E5CDD6CB7 /* [CP] Embed Pods Frameworks */ = {
			isa = PBXShellScriptBuildPhase;
			buildActionMask = 2147483647;
			files = (
			);
			inputFileListPaths = (
				"${PODS_ROOT}/Target Support Files/Pods-flixx-flixxUITests/Pods-flixx-flixxUITests-frameworks-${CONFIGURATION}-input-files.xcfilelist",
			);
			name = "[CP] Embed Pods Frameworks";
			outputFileListPaths = (
				"${PODS_ROOT}/Target Support Files/Pods-flixx-flixxUITests/Pods-flixx-flixxUITests-frameworks-${CONFIGURATION}-output-files.xcfilelist",
			);
			runOnlyForDeploymentPostprocessing = 0;
			shellPath = /bin/sh;
			shellScript = "\"${PODS_ROOT}/Target Support Files/Pods-flixx-flixxUITests/Pods-flixx-flixxUITests-frameworks.sh\"\n";
			showEnvVarsInLog = 0;
		};
/* End PBXShellScriptBuildPhase section */

/* Begin PBXSourcesBuildPhase section */
		494A4BA023EA4EDC00C871A6 /* Sources */ = {
			isa = PBXSourcesBuildPhase;
			buildActionMask = 2147483647;
			files = (
				494A4BA823EA4EDC00C871A6 /* AppDelegate.swift in Sources */,
				494A4BAA23EA4EDC00C871A6 /* SceneDelegate.swift in Sources */,
				494A4BDA23EA5C0200C871A6 /* MovieCell.swift in Sources */,
				494A4BD823EA525F00C871A6 /* MoviesViewController.swift in Sources */,
			);
			runOnlyForDeploymentPostprocessing = 0;
		};
		494A4BB623EA4EDD00C871A6 /* Sources */ = {
			isa = PBXSourcesBuildPhase;
			buildActionMask = 2147483647;
			files = (
				494A4BBF23EA4EDD00C871A6 /* flixxTests.swift in Sources */,
			);
			runOnlyForDeploymentPostprocessing = 0;
		};
		494A4BC123EA4EDE00C871A6 /* Sources */ = {
			isa = PBXSourcesBuildPhase;
			buildActionMask = 2147483647;
			files = (
				494A4BCA23EA4EDE00C871A6 /* flixxUITests.swift in Sources */,
			);
			runOnlyForDeploymentPostprocessing = 0;
		};
/* End PBXSourcesBuildPhase section */

/* Begin PBXTargetDependency section */
		494A4BBC23EA4EDD00C871A6 /* PBXTargetDependency */ = {
			isa = PBXTargetDependency;
			target = 494A4BA323EA4EDC00C871A6 /* flixx */;
			targetProxy = 494A4BBB23EA4EDD00C871A6 /* PBXContainerItemProxy */;
		};
		494A4BC723EA4EDE00C871A6 /* PBXTargetDependency */ = {
			isa = PBXTargetDependency;
			target = 494A4BA323EA4EDC00C871A6 /* flixx */;
			targetProxy = 494A4BC623EA4EDE00C871A6 /* PBXContainerItemProxy */;
		};
/* End PBXTargetDependency section */

/* Begin PBXVariantGroup section */
		494A4BAD23EA4EDC00C871A6 /* Main.storyboard */ = {
			isa = PBXVariantGroup;
			children = (
				494A4BAE23EA4EDC00C871A6 /* Base */,
			);
			name = Main.storyboard;
			sourceTree = "<group>";
		};
		494A4BB223EA4EDD00C871A6 /* LaunchScreen.storyboard */ = {
			isa = PBXVariantGroup;
			children = (
				494A4BB323EA4EDD00C871A6 /* Base */,
			);
			name = LaunchScreen.storyboard;
			sourceTree = "<group>";
		};
/* End PBXVariantGroup section */

/* Begin XCBuildConfiguration section */
		494A4BCC23EA4EDE00C871A6 /* Debug */ = {
			isa = XCBuildConfiguration;
			buildSettings = {
				ALWAYS_SEARCH_USER_PATHS = NO;
				CLANG_ANALYZER_NONNULL = YES;
				CLANG_ANALYZER_NUMBER_OBJECT_CONVERSION = YES_AGGRESSIVE;
				CLANG_CXX_LANGUAGE_STANDARD = "gnu++14";
				CLANG_CXX_LIBRARY = "libc++";
				CLANG_ENABLE_MODULES = YES;
				CLANG_ENABLE_OBJC_ARC = YES;
				CLANG_ENABLE_OBJC_WEAK = YES;
				CLANG_WARN_BLOCK_CAPTURE_AUTORELEASING = YES;
				CLANG_WARN_BOOL_CONVERSION = YES;
				CLANG_WARN_COMMA = YES;
				CLANG_WARN_CONSTANT_CONVERSION = YES;
				CLANG_WARN_DEPRECATED_OBJC_IMPLEMENTATIONS = YES;
				CLANG_WARN_DIRECT_OBJC_ISA_USAGE = YES_ERROR;
				CLANG_WARN_DOCUMENTATION_COMMENTS = YES;
				CLANG_WARN_EMPTY_BODY = YES;
				CLANG_WARN_ENUM_CONVERSION = YES;
				CLANG_WARN_INFINITE_RECURSION = YES;
				CLANG_WARN_INT_CONVERSION = YES;
				CLANG_WARN_NON_LITERAL_NULL_CONVERSION = YES;
				CLANG_WARN_OBJC_IMPLICIT_RETAIN_SELF = YES;
				CLANG_WARN_OBJC_LITERAL_CONVERSION = YES;
				CLANG_WARN_OBJC_ROOT_CLASS = YES_ERROR;
				CLANG_WARN_RANGE_LOOP_ANALYSIS = YES;
				CLANG_WARN_STRICT_PROTOTYPES = YES;
				CLANG_WARN_SUSPICIOUS_MOVE = YES;
				CLANG_WARN_UNGUARDED_AVAILABILITY = YES_AGGRESSIVE;
				CLANG_WARN_UNREACHABLE_CODE = YES;
				CLANG_WARN__DUPLICATE_METHOD_MATCH = YES;
				COPY_PHASE_STRIP = NO;
				DEBUG_INFORMATION_FORMAT = dwarf;
				ENABLE_STRICT_OBJC_MSGSEND = YES;
				ENABLE_TESTABILITY = YES;
				GCC_C_LANGUAGE_STANDARD = gnu11;
				GCC_DYNAMIC_NO_PIC = NO;
				GCC_NO_COMMON_BLOCKS = YES;
				GCC_OPTIMIZATION_LEVEL = 0;
				GCC_PREPROCESSOR_DEFINITIONS = (
					"DEBUG=1",
					"$(inherited)",
				);
				GCC_WARN_64_TO_32_BIT_CONVERSION = YES;
				GCC_WARN_ABOUT_RETURN_TYPE = YES_ERROR;
				GCC_WARN_UNDECLARED_SELECTOR = YES;
				GCC_WARN_UNINITIALIZED_AUTOS = YES_AGGRESSIVE;
				GCC_WARN_UNUSED_FUNCTION = YES;
				GCC_WARN_UNUSED_VARIABLE = YES;
				IPHONEOS_DEPLOYMENT_TARGET = 13.2;
				MTL_ENABLE_DEBUG_INFO = INCLUDE_SOURCE;
				MTL_FAST_MATH = YES;
				ONLY_ACTIVE_ARCH = YES;
				SDKROOT = iphoneos;
				SWIFT_ACTIVE_COMPILATION_CONDITIONS = DEBUG;
				SWIFT_OPTIMIZATION_LEVEL = "-Onone";
			};
			name = Debug;
		};
		494A4BCD23EA4EDE00C871A6 /* Release */ = {
			isa = XCBuildConfiguration;
			buildSettings = {
				ALWAYS_SEARCH_USER_PATHS = NO;
				CLANG_ANALYZER_NONNULL = YES;
				CLANG_ANALYZER_NUMBER_OBJECT_CONVERSION = YES_AGGRESSIVE;
				CLANG_CXX_LANGUAGE_STANDARD = "gnu++14";
				CLANG_CXX_LIBRARY = "libc++";
				CLANG_ENABLE_MODULES = YES;
				CLANG_ENABLE_OBJC_ARC = YES;
				CLANG_ENABLE_OBJC_WEAK = YES;
				CLANG_WARN_BLOCK_CAPTURE_AUTORELEASING = YES;
				CLANG_WARN_BOOL_CONVERSION = YES;
				CLANG_WARN_COMMA = YES;
				CLANG_WARN_CONSTANT_CONVERSION = YES;
				CLANG_WARN_DEPRECATED_OBJC_IMPLEMENTATIONS = YES;
				CLANG_WARN_DIRECT_OBJC_ISA_USAGE = YES_ERROR;
				CLANG_WARN_DOCUMENTATION_COMMENTS = YES;
				CLANG_WARN_EMPTY_BODY = YES;
				CLANG_WARN_ENUM_CONVERSION = YES;
				CLANG_WARN_INFINITE_RECURSION = YES;
				CLANG_WARN_INT_CONVERSION = YES;
				CLANG_WARN_NON_LITERAL_NULL_CONVERSION = YES;
				CLANG_WARN_OBJC_IMPLICIT_RETAIN_SELF = YES;
				CLANG_WARN_OBJC_LITERAL_CONVERSION = YES;
				CLANG_WARN_OBJC_ROOT_CLASS = YES_ERROR;
				CLANG_WARN_RANGE_LOOP_ANALYSIS = YES;
				CLANG_WARN_STRICT_PROTOTYPES = YES;
				CLANG_WARN_SUSPICIOUS_MOVE = YES;
				CLANG_WARN_UNGUARDED_AVAILABILITY = YES_AGGRESSIVE;
				CLANG_WARN_UNREACHABLE_CODE = YES;
				CLANG_WARN__DUPLICATE_METHOD_MATCH = YES;
				COPY_PHASE_STRIP = NO;
				DEBUG_INFORMATION_FORMAT = "dwarf-with-dsym";
				ENABLE_NS_ASSERTIONS = NO;
				ENABLE_STRICT_OBJC_MSGSEND = YES;
				GCC_C_LANGUAGE_STANDARD = gnu11;
				GCC_NO_COMMON_BLOCKS = YES;
				GCC_WARN_64_TO_32_BIT_CONVERSION = YES;
				GCC_WARN_ABOUT_RETURN_TYPE = YES_ERROR;
				GCC_WARN_UNDECLARED_SELECTOR = YES;
				GCC_WARN_UNINITIALIZED_AUTOS = YES_AGGRESSIVE;
				GCC_WARN_UNUSED_FUNCTION = YES;
				GCC_WARN_UNUSED_VARIABLE = YES;
				IPHONEOS_DEPLOYMENT_TARGET = 13.2;
				MTL_ENABLE_DEBUG_INFO = NO;
				MTL_FAST_MATH = YES;
				SDKROOT = iphoneos;
				SWIFT_COMPILATION_MODE = wholemodule;
				SWIFT_OPTIMIZATION_LEVEL = "-O";
				VALIDATE_PRODUCT = YES;
			};
			name = Release;
		};
		494A4BCF23EA4EDE00C871A6 /* Debug */ = {
			isa = XCBuildConfiguration;
			baseConfigurationReference = 02F8E144F7EDCB19AFFD5855 /* Pods-flixx.debug.xcconfig */;
			buildSettings = {
				ASSETCATALOG_COMPILER_APPICON_NAME = AppIcon;
				CODE_SIGN_STYLE = Automatic;
				INFOPLIST_FILE = flixx/Info.plist;
				LD_RUNPATH_SEARCH_PATHS = (
					"$(inherited)",
					"@executable_path/Frameworks",
				);
				PRODUCT_BUNDLE_IDENTIFIER = coursework.flixx;
				PRODUCT_NAME = "$(TARGET_NAME)";
				SWIFT_VERSION = 5.0;
				TARGETED_DEVICE_FAMILY = "1,2";
			};
			name = Debug;
		};
		494A4BD023EA4EDE00C871A6 /* Release */ = {
			isa = XCBuildConfiguration;
			baseConfigurationReference = 612BD418481318D7E584DA1A /* Pods-flixx.release.xcconfig */;
			buildSettings = {
				ASSETCATALOG_COMPILER_APPICON_NAME = AppIcon;
				CODE_SIGN_STYLE = Automatic;
				INFOPLIST_FILE = flixx/Info.plist;
				LD_RUNPATH_SEARCH_PATHS = (
					"$(inherited)",
					"@executable_path/Frameworks",
				);
				PRODUCT_BUNDLE_IDENTIFIER = coursework.flixx;
				PRODUCT_NAME = "$(TARGET_NAME)";
				SWIFT_VERSION = 5.0;
				TARGETED_DEVICE_FAMILY = "1,2";
			};
			name = Release;
		};
		494A4BD223EA4EDE00C871A6 /* Debug */ = {
			isa = XCBuildConfiguration;
			baseConfigurationReference = B0C74AF6C54C1D2BAAEE98AC /* Pods-flixxTests.debug.xcconfig */;
			buildSettings = {
				ALWAYS_EMBED_SWIFT_STANDARD_LIBRARIES = YES;
				BUNDLE_LOADER = "$(TEST_HOST)";
				CODE_SIGN_STYLE = Automatic;
				INFOPLIST_FILE = flixxTests/Info.plist;
				IPHONEOS_DEPLOYMENT_TARGET = 13.2;
				LD_RUNPATH_SEARCH_PATHS = (
					"$(inherited)",
					"@executable_path/Frameworks",
					"@loader_path/Frameworks",
				);
				PRODUCT_BUNDLE_IDENTIFIER = coursework.flixxTests;
				PRODUCT_NAME = "$(TARGET_NAME)";
				SWIFT_VERSION = 5.0;
				TARGETED_DEVICE_FAMILY = "1,2";
				TEST_HOST = "$(BUILT_PRODUCTS_DIR)/flixx.app/flixx";
			};
			name = Debug;
		};
		494A4BD323EA4EDE00C871A6 /* Release */ = {
			isa = XCBuildConfiguration;
			baseConfigurationReference = B3BB0119479E185B880192F8 /* Pods-flixxTests.release.xcconfig */;
			buildSettings = {
				ALWAYS_EMBED_SWIFT_STANDARD_LIBRARIES = YES;
				BUNDLE_LOADER = "$(TEST_HOST)";
				CODE_SIGN_STYLE = Automatic;
				INFOPLIST_FILE = flixxTests/Info.plist;
				IPHONEOS_DEPLOYMENT_TARGET = 13.2;
				LD_RUNPATH_SEARCH_PATHS = (
					"$(inherited)",
					"@executable_path/Frameworks",
					"@loader_path/Frameworks",
				);
				PRODUCT_BUNDLE_IDENTIFIER = coursework.flixxTests;
				PRODUCT_NAME = "$(TARGET_NAME)";
				SWIFT_VERSION = 5.0;
				TARGETED_DEVICE_FAMILY = "1,2";
				TEST_HOST = "$(BUILT_PRODUCTS_DIR)/flixx.app/flixx";
			};
			name = Release;
		};
		494A4BD523EA4EDE00C871A6 /* Debug */ = {
			isa = XCBuildConfiguration;
			baseConfigurationReference = 82D9E483F0596CFE31DFB93D /* Pods-flixx-flixxUITests.debug.xcconfig */;
			buildSettings = {
				ALWAYS_EMBED_SWIFT_STANDARD_LIBRARIES = YES;
				CODE_SIGN_STYLE = Automatic;
				INFOPLIST_FILE = flixxUITests/Info.plist;
				LD_RUNPATH_SEARCH_PATHS = (
					"$(inherited)",
					"@executable_path/Frameworks",
					"@loader_path/Frameworks",
				);
				PRODUCT_BUNDLE_IDENTIFIER = coursework.flixxUITests;
				PRODUCT_NAME = "$(TARGET_NAME)";
				SWIFT_VERSION = 5.0;
				TARGETED_DEVICE_FAMILY = "1,2";
				TEST_TARGET_NAME = flixx;
			};
			name = Debug;
		};
		494A4BD623EA4EDE00C871A6 /* Release */ = {
			isa = XCBuildConfiguration;
			baseConfigurationReference = C363F46FAC31A538ACA1FFE3 /* Pods-flixx-flixxUITests.release.xcconfig */;
			buildSettings = {
				ALWAYS_EMBED_SWIFT_STANDARD_LIBRARIES = YES;
				CODE_SIGN_STYLE = Automatic;
				INFOPLIST_FILE = flixxUITests/Info.plist;
				LD_RUNPATH_SEARCH_PATHS = (
					"$(inherited)",
					"@executable_path/Frameworks",
					"@loader_path/Frameworks",
				);
				PRODUCT_BUNDLE_IDENTIFIER = coursework.flixxUITests;
				PRODUCT_NAME = "$(TARGET_NAME)";
				SWIFT_VERSION = 5.0;
				TARGETED_DEVICE_FAMILY = "1,2";
				TEST_TARGET_NAME = flixx;
			};
			name = Release;
		};
/* End XCBuildConfiguration section */

/* Begin XCConfigurationList section */
		494A4B9F23EA4EDC00C871A6 /* Build configuration list for PBXProject "flixx" */ = {
			isa = XCConfigurationList;
			buildConfigurations = (
				494A4BCC23EA4EDE00C871A6 /* Debug */,
				494A4BCD23EA4EDE00C871A6 /* Release */,
			);
			defaultConfigurationIsVisible = 0;
			defaultConfigurationName = Release;
		};
		494A4BCE23EA4EDE00C871A6 /* Build configuration list for PBXNativeTarget "flixx" */ = {
			isa = XCConfigurationList;
			buildConfigurations = (
				494A4BCF23EA4EDE00C871A6 /* Debug */,
				494A4BD023EA4EDE00C871A6 /* Release */,
			);
			defaultConfigurationIsVisible = 0;
			defaultConfigurationName = Release;
		};
		494A4BD123EA4EDE00C871A6 /* Build configuration list for PBXNativeTarget "flixxTests" */ = {
			isa = XCConfigurationList;
			buildConfigurations = (
				494A4BD223EA4EDE00C871A6 /* Debug */,
				494A4BD323EA4EDE00C871A6 /* Release */,
			);
			defaultConfigurationIsVisible = 0;
			defaultConfigurationName = Release;
		};
		494A4BD423EA4EDE00C871A6 /* Build configuration list for PBXNativeTarget "flixxUITests" */ = {
			isa = XCConfigurationList;
			buildConfigurations = (
				494A4BD523EA4EDE00C871A6 /* Debug */,
				494A4BD623EA4EDE00C871A6 /* Release */,
			);
			defaultConfigurationIsVisible = 0;
			defaultConfigurationName = Release;
		};
/* End XCConfigurationList section */
	};
	rootObject = 494A4B9C23EA4EDC00C871A6 /* Project object */;
}
